
Microsoft Visual Studio Solution File, Format Version 12.00
# Visual Studio Version 16
VisualStudioVersion = 16.0.31702.278
MinimumVisualStudioVersion = 10.0.40219.1
Project("{9A19103F-16F7-4668-BE54-9A1E7A4F7556}") = "Web_API", "Web_API\Web_API.csproj", "{79403119-C1EC-4DC0-A1EF-E4EB642DFEBD}"
EndProject
Project("{9A19103F-16F7-4668-BE54-9A1E7A4F7556}") = "Web_Assembly", "Web_Assembly\Web_Assembly.csproj", "{9ABE6D31-B12E-4920-83AB-5B72C6758C47}"
EndProject
Project("{9A19103F-16F7-4668-BE54-9A1E7A4F7556}") = "ViewModel", "ViewModel\ViewModel.csproj", "{63C7997E-BC6F-43F2-92F7-9F05D7ABD31F}"
EndProject
Global
	GlobalSection(SolutionConfigurationPlatforms) = preSolution
		Debug|Any CPU = Debug|Any CPU
		Release|Any CPU = Release|Any CPU
	EndGlobalSection
	GlobalSection(ProjectConfigurationPlatforms) = postSolution
		{79403119-C1EC-4DC0-A1EF-E4EB642DFEBD}.Debug|Any CPU.ActiveCfg = Debug|Any CPU
		{79403119-C1EC-4DC0-A1EF-E4EB642DFEBD}.Debug|Any CPU.Build.0 = Debug|Any CPU
		{79403119-C1EC-4DC0-A1EF-E4EB642DFEBD}.Release|Any CPU.ActiveCfg = Release|Any CPU
		{79403119-C1EC-4DC0-A1EF-E4EB642DFEBD}.Release|Any CPU.Build.0 = Release|Any CPU
		{9ABE6D31-B12E-4920-83AB-5B72C6758C47}.Debug|Any CPU.ActiveCfg = Debug|Any CPU
		{9ABE6D31-B12E-4920-83AB-5B72C6758C47}.Debug|Any CPU.Build.0 = Debug|Any CPU
		{9ABE6D31-B12E-4920-83AB-5B72C6758C47}.Release|Any CPU.ActiveCfg = Release|Any CPU
		{9ABE6D31-B12E-4920-83AB-5B72C6758C47}.Release|Any CPU.Build.0 = Release|Any CPU
		{63C7997E-BC6F-43F2-92F7-9F05D7ABD31F}.Debug|Any CPU.ActiveCfg = Debug|Any CPU
		{63C7997E-BC6F-43F2-92F7-9F05D7ABD31F}.Debug|Any CPU.Build.0 = Debug|Any CPU
		{63C7997E-BC6F-43F2-92F7-9F05D7ABD31F}.Release|Any CPU.ActiveCfg = Release|Any CPU
		{63C7997E-BC6F-43F2-92F7-9F05D7ABD31F}.Release|Any CPU.Build.0 = Release|Any CPU
	EndGlobalSection
	GlobalSection(SolutionProperties) = preSolution
		HideSolutionNode = FALSE
	EndGlobalSection
	GlobalSection(ExtensibilityGlobals) = postSolution
		SolutionGuid = {055F95AD-BDBA-46FB-9F76-4530C3220871}
	EndGlobalSection
EndGlobal
